// !$*UTF8*$!
{
	archiveVersion = 1;
	classes = {
	};
	objectVersion = 46;
	objects = {

/* Begin PBXBuildFile section */
		24A9E40198A1381D58EC862D /* libPods-BBTestAppXcode8ManualCodeSigning.a in Frameworks */ = {isa = PBXBuildFile; fileRef = 8FA77AB0EB7DBEC9B020716B /* libPods-BBTestAppXcode8ManualCodeSigning.a */; };
		8338501A1D9AEF2800CAFDF5 /* AppDelegate.swift in Sources */ = {isa = PBXBuildFile; fileRef = 833850191D9AEF2800CAFDF5 /* AppDelegate.swift */; };
		8338501C1D9AEF2800CAFDF5 /* ViewController.swift in Sources */ = {isa = PBXBuildFile; fileRef = 8338501B1D9AEF2800CAFDF5 /* ViewController.swift */; };
		8338501F1D9AEF2800CAFDF5 /* Main.storyboard in Resources */ = {isa = PBXBuildFile; fileRef = 8338501D1D9AEF2800CAFDF5 /* Main.storyboard */; };
		833850211D9AEF2800CAFDF5 /* Assets.xcassets in Resources */ = {isa = PBXBuildFile; fileRef = 833850201D9AEF2800CAFDF5 /* Assets.xcassets */; };
		833850241D9AEF2800CAFDF5 /* LaunchScreen.storyboard in Resources */ = {isa = PBXBuildFile; fileRef = 833850221D9AEF2800CAFDF5 /* LaunchScreen.storyboard */; };
/* End PBXBuildFile section */

/* Begin PBXFileReference section */
		5222CBDD7758477435C6570B /* Pods-BBTestAppXcode8ManualCodeSigning.release.xcconfig */ = {isa = PBXFileReference; includeInIndex = 1; lastKnownFileType = text.xcconfig; name = "Pods-BBTestAppXcode8ManualCodeSigning.release.xcconfig"; path = "Pods/Target Support Files/Pods-BBTestAppXcode8ManualCodeSigning/Pods-BBTestAppXcode8ManualCodeSigning.release.xcconfig"; sourceTree = "<group>"; };
		833850161D9AEF2800CAFDF5 /* BBTestAppXcode8ManualCodeSigning.app */ = {isa = PBXFileReference; explicitFileType = wrapper.application; includeInIndex = 0; path = BBTestAppXcode8ManualCodeSigning.app; sourceTree = BUILT_PRODUCTS_DIR; };
		833850191D9AEF2800CAFDF5 /* AppDelegate.swift */ = {isa = PBXFileReference; lastKnownFileType = sourcecode.swift; path = AppDelegate.swift; sourceTree = "<group>"; };
		8338501B1D9AEF2800CAFDF5 /* ViewController.swift */ = {isa = PBXFileReference; lastKnownFileType = sourcecode.swift; path = ViewController.swift; sourceTree = "<group>"; };
		8338501E1D9AEF2800CAFDF5 /* Base */ = {isa = PBXFileReference; lastKnownFileType = file.storyboard; name = Base; path = Base.lproj/Main.storyboard; sourceTree = "<group>"; };
		833850201D9AEF2800CAFDF5 /* Assets.xcassets */ = {isa = PBXFileReference; lastKnownFileType = folder.assetcatalog; path = Assets.xcassets; sourceTree = "<group>"; };
		833850231D9AEF2800CAFDF5 /* Base */ = {isa = PBXFileReference; lastKnownFileType = file.storyboard; name = Base; path = Base.lproj/LaunchScreen.storyboard; sourceTree = "<group>"; };
		833850251D9AEF2800CAFDF5 /* Info.plist */ = {isa = PBXFileReference; lastKnownFileType = text.plist.xml; path = Info.plist; sourceTree = "<group>"; };
		8FA77AB0EB7DBEC9B020716B /* libPods-BBTestAppXcode8ManualCodeSigning.a */ = {isa = PBXFileReference; explicitFileType = archive.ar; includeInIndex = 0; path = "libPods-BBTestAppXcode8ManualCodeSigning.a"; sourceTree = BUILT_PRODUCTS_DIR; };
		F01A2A12CDB2BF39C88AF858 /* Pods-BBTestAppXcode8ManualCodeSigning.debug.xcconfig */ = {isa = PBXFileReference; includeInIndex = 1; lastKnownFileType = text.xcconfig; name = "Pods-BBTestAppXcode8ManualCodeSigning.debug.xcconfig"; path = "Pods/Target Support Files/Pods-BBTestAppXcode8ManualCodeSigning/Pods-BBTestAppXcode8ManualCodeSigning.debug.xcconfig"; sourceTree = "<group>"; };
/* End PBXFileReference section */

/* Begin PBXFrameworksBuildPhase section */
		833850131D9AEF2700CAFDF5 /* Frameworks */ = {
			isa = PBXFrameworksBuildPhase;
			buildActionMask = 2147483647;
			files = (
				24A9E40198A1381D58EC862D /* libPods-BBTestAppXcode8ManualCodeSigning.a in Frameworks */,
			);
			runOnlyForDeploymentPostprocessing = 0;
		};
/* End PBXFrameworksBuildPhase section */

/* Begin PBXGroup section */
		8338500D1D9AEF2700CAFDF5 = {
			isa = PBXGroup;
			children = (
				833850181D9AEF2800CAFDF5 /* BBTestAppXcode8ManualCodeSigning */,
				833850171D9AEF2800CAFDF5 /* Products */,
				9C89B392DDF40AD9E58CDE13 /* Pods */,
				EF8535E1FC379627EEC63D60 /* Frameworks */,
			);
			sourceTree = "<group>";
		};
		833850171D9AEF2800CAFDF5 /* Products */ = {
			isa = PBXGroup;
			children = (
				833850161D9AEF2800CAFDF5 /* BBTestAppXcode8ManualCodeSigning.app */,
			);
			name = Products;
			sourceTree = "<group>";
		};
		833850181D9AEF2800CAFDF5 /* BBTestAppXcode8ManualCodeSigning */ = {
			isa = PBXGroup;
			children = (
				833850191D9AEF2800CAFDF5 /* AppDelegate.swift */,
				8338501B1D9AEF2800CAFDF5 /* ViewController.swift */,
				8338501D1D9AEF2800CAFDF5 /* Main.storyboard */,
				833850201D9AEF2800CAFDF5 /* Assets.xcassets */,
				833850221D9AEF2800CAFDF5 /* LaunchScreen.storyboard */,
				833850251D9AEF2800CAFDF5 /* Info.plist */,
			);
			path = BBTestAppXcode8ManualCodeSigning;
			sourceTree = "<group>";
		};
		9C89B392DDF40AD9E58CDE13 /* Pods */ = {
			isa = PBXGroup;
			children = (
				F01A2A12CDB2BF39C88AF858 /* Pods-BBTestAppXcode8ManualCodeSigning.debug.xcconfig */,
				5222CBDD7758477435C6570B /* Pods-BBTestAppXcode8ManualCodeSigning.release.xcconfig */,
			);
			name = Pods;
			sourceTree = "<group>";
		};
		EF8535E1FC379627EEC63D60 /* Frameworks */ = {
			isa = PBXGroup;
			children = (
				8FA77AB0EB7DBEC9B020716B /* libPods-BBTestAppXcode8ManualCodeSigning.a */,
			);
			name = Frameworks;
			sourceTree = "<group>";
		};
/* End PBXGroup section */

/* Begin PBXNativeTarget section */
		833850151D9AEF2700CAFDF5 /* BBTestAppXcode8ManualCodeSigning */ = {
			isa = PBXNativeTarget;
			buildConfigurationList = 833850281D9AEF2800CAFDF5 /* Build configuration list for PBXNativeTarget "BBTestAppXcode8ManualCodeSigning" */;
			buildPhases = (
				69E9FE1E2FE937897461FEB5 /* 📦 Check Pods Manifest.lock */,
				833850121D9AEF2700CAFDF5 /* Sources */,
				833850131D9AEF2700CAFDF5 /* Frameworks */,
				833850141D9AEF2700CAFDF5 /* Resources */,
				EA4099BEA356CCAB48BC74C3 /* 📦 Embed Pods Frameworks */,
				6F5E65E2ABA88167FA1B6E0D /* 📦 Copy Pods Resources */,
			);
			buildRules = (
			);
			dependencies = (
			);
			name = BBTestAppXcode8ManualCodeSigning;
			productName = BBTestAppXcode8ManualCodeSigning;
			productReference = 833850161D9AEF2800CAFDF5 /* BBTestAppXcode8ManualCodeSigning.app */;
			productType = "com.apple.product-type.application";
		};
/* End PBXNativeTarget section */

/* Begin PBXProject section */
		8338500E1D9AEF2700CAFDF5 /* Project object */ = {
			isa = PBXProject;
			attributes = {
				LastSwiftUpdateCheck = 0800;
				LastUpgradeCheck = 0800;
				ORGANIZATIONNAME = buddybuild;
				TargetAttributes = {
					833850151D9AEF2700CAFDF5 = {
						CreatedOnToolsVersion = 8.0;
						DevelopmentTeam = L4FET847JL;
						ProvisioningStyle = Automatic;
					};
				};
			};
			buildConfigurationList = 833850111D9AEF2700CAFDF5 /* Build configuration list for PBXProject "BBTestAppXcode8ManualCodeSigning" */;
			compatibilityVersion = "Xcode 3.2";
			developmentRegion = English;
			hasScannedForEncodings = 0;
			knownRegions = (
				en,
				Base,
			);
			mainGroup = 8338500D1D9AEF2700CAFDF5;
			productRefGroup = 833850171D9AEF2800CAFDF5 /* Products */;
			projectDirPath = "";
			projectRoot = "";
			targets = (
				833850151D9AEF2700CAFDF5 /* BBTestAppXcode8ManualCodeSigning */,
			);
		};
/* End PBXProject section */

/* Begin PBXResourcesBuildPhase section */
		833850141D9AEF2700CAFDF5 /* Resources */ = {
			isa = PBXResourcesBuildPhase;
			buildActionMask = 2147483647;
			files = (
				833850241D9AEF2800CAFDF5 /* LaunchScreen.storyboard in Resources */,
				833850211D9AEF2800CAFDF5 /* Assets.xcassets in Resources */,
				8338501F1D9AEF2800CAFDF5 /* Main.storyboard in Resources */,
			);
			runOnlyForDeploymentPostprocessing = 0;
		};
/* End PBXResourcesBuildPhase section */

/* Begin PBXShellScriptBuildPhase section */
		69E9FE1E2FE937897461FEB5 /* 📦 Check Pods Manifest.lock */ = {
			isa = PBXShellScriptBuildPhase;
			buildActionMask = 2147483647;
			files = (
			);
			inputPaths = (
			);
			name = "📦 Check Pods Manifest.lock";
			outputPaths = (
			);
			runOnlyForDeploymentPostprocessing = 0;
			shellPath = /bin/sh;
			shellScript = "diff \"${PODS_ROOT}/../Podfile.lock\" \"${PODS_ROOT}/Manifest.lock\" > /dev/null\nif [[ $? != 0 ]] ; then\n    cat << EOM\nerror: The sandbox is not in sync with the Podfile.lock. Run 'pod install' or update your CocoaPods installation.\nEOM\n    exit 1\nfi\n";
			showEnvVarsInLog = 0;
		};
		6F5E65E2ABA88167FA1B6E0D /* 📦 Copy Pods Resources */ = {
			isa = PBXShellScriptBuildPhase;
			buildActionMask = 2147483647;
			files = (
			);
			inputPaths = (
			);
			name = "📦 Copy Pods Resources";
			outputPaths = (
			);
			runOnlyForDeploymentPostprocessing = 0;
			shellPath = /bin/sh;
			shellScript = "\"${SRCROOT}/Pods/Target Support Files/Pods-BBTestAppXcode8ManualCodeSigning/Pods-BBTestAppXcode8ManualCodeSigning-resources.sh\"\n";
			showEnvVarsInLog = 0;
		};
		EA4099BEA356CCAB48BC74C3 /* 📦 Embed Pods Frameworks */ = {
			isa = PBXShellScriptBuildPhase;
			buildActionMask = 2147483647;
			files = (
			);
			inputPaths = (
			);
			name = "📦 Embed Pods Frameworks";
			outputPaths = (
			);
			runOnlyForDeploymentPostprocessing = 0;
			shellPath = /bin/sh;
			shellScript = "\"${SRCROOT}/Pods/Target Support Files/Pods-BBTestAppXcode8ManualCodeSigning/Pods-BBTestAppXcode8ManualCodeSigning-frameworks.sh\"\n";
			showEnvVarsInLog = 0;
		};
/* End PBXShellScriptBuildPhase section */

/* Begin PBXSourcesBuildPhase section */
		833850121D9AEF2700CAFDF5 /* Sources */ = {
			isa = PBXSourcesBuildPhase;
			buildActionMask = 2147483647;
			files = (
				8338501C1D9AEF2800CAFDF5 /* ViewController.swift in Sources */,
				8338501A1D9AEF2800CAFDF5 /* AppDelegate.swift in Sources */,
			);
			runOnlyForDeploymentPostprocessing = 0;
		};
/* End PBXSourcesBuildPhase section */

/* Begin PBXVariantGroup section */
		8338501D1D9AEF2800CAFDF5 /* Main.storyboard */ = {
			isa = PBXVariantGroup;
			children = (
				8338501E1D9AEF2800CAFDF5 /* Base */,
			);
			name = Main.storyboard;
			sourceTree = "<group>";
		};
		833850221D9AEF2800CAFDF5 /* LaunchScreen.storyboard */ = {
			isa = PBXVariantGroup;
			children = (
				833850231D9AEF2800CAFDF5 /* Base */,
			);
			name = LaunchScreen.storyboard;
			sourceTree = "<group>";
		};
/* End PBXVariantGroup section */

/* Begin XCBuildConfiguration section */
		833850261D9AEF2800CAFDF5 /* Debug */ = {
			isa = XCBuildConfiguration;
			buildSettings = {
				ALWAYS_SEARCH_USER_PATHS = NO;
				CLANG_ANALYZER_NONNULL = YES;
				CLANG_CXX_LANGUAGE_STANDARD = "gnu++0x";
				CLANG_CXX_LIBRARY = "libc++";
				CLANG_ENABLE_MODULES = YES;
				CLANG_ENABLE_OBJC_ARC = YES;
				CLANG_WARN_BOOL_CONVERSION = YES;
				CLANG_WARN_CONSTANT_CONVERSION = YES;
				CLANG_WARN_DIRECT_OBJC_ISA_USAGE = YES_ERROR;
				CLANG_WARN_DOCUMENTATION_COMMENTS = YES;
				CLANG_WARN_EMPTY_BODY = YES;
				CLANG_WARN_ENUM_CONVERSION = YES;
				CLANG_WARN_INFINITE_RECURSION = YES;
				CLANG_WARN_INT_CONVERSION = YES;
				CLANG_WARN_OBJC_ROOT_CLASS = YES_ERROR;
				CLANG_WARN_SUSPICIOUS_MOVES = YES;
				CLANG_WARN_UNREACHABLE_CODE = YES;
				CLANG_WARN__DUPLICATE_METHOD_MATCH = YES;
				"CODE_SIGN_IDENTITY[sdk=iphoneos*]" = "iPhone Developer";
				COPY_PHASE_STRIP = NO;
				DEBUG_INFORMATION_FORMAT = dwarf;
				ENABLE_STRICT_OBJC_MSGSEND = YES;
				ENABLE_TESTABILITY = YES;
				GCC_C_LANGUAGE_STANDARD = gnu99;
				GCC_DYNAMIC_NO_PIC = NO;
				GCC_NO_COMMON_BLOCKS = YES;
				GCC_OPTIMIZATION_LEVEL = 0;
				GCC_PREPROCESSOR_DEFINITIONS = (
					"DEBUG=1",
					"$(inherited)",
				);
				GCC_WARN_64_TO_32_BIT_CONVERSION = YES;
				GCC_WARN_ABOUT_RETURN_TYPE = YES_ERROR;
				GCC_WARN_UNDECLARED_SELECTOR = YES;
				GCC_WARN_UNINITIALIZED_AUTOS = YES_AGGRESSIVE;
				GCC_WARN_UNUSED_FUNCTION = YES;
				GCC_WARN_UNUSED_VARIABLE = YES;
				IPHONEOS_DEPLOYMENT_TARGET = 9.3;
				MTL_ENABLE_DEBUG_INFO = YES;
				ONLY_ACTIVE_ARCH = YES;
				SDKROOT = iphoneos;
				SWIFT_ACTIVE_COMPILATION_CONDITIONS = DEBUG;
				SWIFT_OPTIMIZATION_LEVEL = "-Onone";
				TARGETED_DEVICE_FAMILY = "1,2";
			};
			name = Debug;
		};
		833850271D9AEF2800CAFDF5 /* Release */ = {
			isa = XCBuildConfiguration;
			buildSettings = {
				ALWAYS_SEARCH_USER_PATHS = NO;
				CLANG_ANALYZER_NONNULL = YES;
				CLANG_CXX_LANGUAGE_STANDARD = "gnu++0x";
				CLANG_CXX_LIBRARY = "libc++";
				CLANG_ENABLE_MODULES = YES;
				CLANG_ENABLE_OBJC_ARC = YES;
				CLANG_WARN_BOOL_CONVERSION = YES;
				CLANG_WARN_CONSTANT_CONVERSION = YES;
				CLANG_WARN_DIRECT_OBJC_ISA_USAGE = YES_ERROR;
				CLANG_WARN_DOCUMENTATION_COMMENTS = YES;
				CLANG_WARN_EMPTY_BODY = YES;
				CLANG_WARN_ENUM_CONVERSION = YES;
				CLANG_WARN_INFINITE_RECURSION = YES;
				CLANG_WARN_INT_CONVERSION = YES;
				CLANG_WARN_OBJC_ROOT_CLASS = YES_ERROR;
				CLANG_WARN_SUSPICIOUS_MOVES = YES;
				CLANG_WARN_UNREACHABLE_CODE = YES;
				CLANG_WARN__DUPLICATE_METHOD_MATCH = YES;
				"CODE_SIGN_IDENTITY[sdk=iphoneos*]" = "iPhone Developer";
				COPY_PHASE_STRIP = NO;
				DEBUG_INFORMATION_FORMAT = "dwarf-with-dsym";
				ENABLE_NS_ASSERTIONS = NO;
				ENABLE_STRICT_OBJC_MSGSEND = YES;
				GCC_C_LANGUAGE_STANDARD = gnu99;
				GCC_NO_COMMON_BLOCKS = YES;
				GCC_WARN_64_TO_32_BIT_CONVERSION = YES;
				GCC_WARN_ABOUT_RETURN_TYPE = YES_ERROR;
				GCC_WARN_UNDECLARED_SELECTOR = YES;
				GCC_WARN_UNINITIALIZED_AUTOS = YES_AGGRESSIVE;
				GCC_WARN_UNUSED_FUNCTION = YES;
				GCC_WARN_UNUSED_VARIABLE = YES;
				IPHONEOS_DEPLOYMENT_TARGET = 9.3;
				MTL_ENABLE_DEBUG_INFO = NO;
				SDKROOT = iphoneos;
				SWIFT_OPTIMIZATION_LEVEL = "-Owholemodule";
				TARGETED_DEVICE_FAMILY = "1,2";
				VALIDATE_PRODUCT = YES;
			};
			name = Release;
		};
		833850291D9AEF2800CAFDF5 /* Debug */ = {
			isa = XCBuildConfiguration;
			baseConfigurationReference = F01A2A12CDB2BF39C88AF858 /* Pods-BBTestAppXcode8ManualCodeSigning.debug.xcconfig */;
			buildSettings = {
				ASSETCATALOG_COMPILER_APPICON_NAME = AppIcon;
				DEVELOPMENT_TEAM = L4FET847JL;
				INFOPLIST_FILE = BBTestAppXcode8ManualCodeSigning/Info.plist;
				LD_RUNPATH_SEARCH_PATHS = "$(inherited) @executable_path/Frameworks";
				PRODUCT_BUNDLE_IDENTIFIER = com.buddybuild.BBTestAppXcode8ManualCodeSigning;
				PRODUCT_NAME = "$(TARGET_NAME)";
				SWIFT_VERSION = 3.0;
			};
			name = Debug;
		};
		8338502A1D9AEF2800CAFDF5 /* Release */ = {
			isa = XCBuildConfiguration;
			baseConfigurationReference = 5222CBDD7758477435C6570B /* Pods-BBTestAppXcode8ManualCodeSigning.release.xcconfig */;
			buildSettings = {
				ASSETCATALOG_COMPILER_APPICON_NAME = AppIcon;
				DEVELOPMENT_TEAM = L4FET847JL;
				INFOPLIST_FILE = BBTestAppXcode8ManualCodeSigning/Info.plist;
				LD_RUNPATH_SEARCH_PATHS = "$(inherited) @executable_path/Frameworks";
				PRODUCT_BUNDLE_IDENTIFIER = com.buddybuild.BBTestAppXcode8ManualCodeSigning;
				PRODUCT_NAME = "$(TARGET_NAME)";
				SWIFT_VERSION = 3.0;
			};
			name = Release;
		};
/* End XCBuildConfiguration section */

/* Begin XCConfigurationList section */
		833850111D9AEF2700CAFDF5 /* Build configuration list for PBXProject "BBTestAppXcode8ManualCodeSigning" */ = {
			isa = XCConfigurationList;
			buildConfigurations = (
				833850261D9AEF2800CAFDF5 /* Debug */,
				833850271D9AEF2800CAFDF5 /* Release */,
			);
			defaultConfigurationIsVisible = 0;
			defaultConfigurationName = Release;
		};
		833850281D9AEF2800CAFDF5 /* Build configuration list for PBXNativeTarget "BBTestAppXcode8ManualCodeSigning" */ = {
			isa = XCConfigurationList;
			buildConfigurations = (
				833850291D9AEF2800CAFDF5 /* Debug */,
				8338502A1D9AEF2800CAFDF5 /* Release */,
			);
			defaultConfigurationIsVisible = 0;
			defaultConfigurationName = Release;
		};
/* End XCConfigurationList section */
	};
	rootObject = 8338500E1D9AEF2700CAFDF5 /* Project object */;
}
